{
  "version": 4,
  "terraform_version": "1.15.8",
  "serial": 28,
  "lineage": "21966775-45a9-ae63-ecb5-f586f7fbb0e8",
  "outputs": {},
  "resources": [
    {
      "mode": "data",
      "type": "github_user",
      "name": "maintainer",
      "provider": "provider[\"registry.terraform.io/integrations/github\"]",
      "instances": [
        {
          "schema_version": 0,
          "attributes": {
            "avatar_url": "https://avatars.githubusercontent.com/u/7513610?v=4",
            "bio": "AI engineer @AKARI-Inc\r\n3D visualization library @pyvista maintainer,\r\n@scipy-conference chairperson,\r\nTechnical Steering Committee of @numfocus photo @pyconjp",
            "blog": "",
            "company": "@AKARI-Inc @numfocus ",
            "created_at": "2014-05-07 14:54:51 +0000 UTC",
            "email": "tkoyama010@gmail.com",
            "followers": 362,
            "following": 896,
            "gpg_keys": [],
            "gravatar_id": "",
            "id": "7513610",
            "location": "Japan",
            "login": "tkoyama010",
            "name": "Tetsuo Koyama",
            "node_id": "MDQ6VXNlcjc1MTM2MTA=",
            "public_gists": 12,
            "public_repos": 572,
            "site_admin": false,
            "ssh_keys": [
              "ssh-rsa AAAAB3NzaC1yc2EAAAADAQABAAABAQCijC76tgpivvKLLWBTQWZuKuX2RAJgTCy7DQxEC59F2ywufISe0AhYMNbFzEf8jYJHXcBICbiSeujf2dd7rBC2jefZtvGgeEhTHW6DM+KkiQjq6MMsSKt+tpyebUikhOktqCWD2i45A5zBzCO18h1QYLL2d1kMGA63OL9uZP2iOdxn7k7PPdrkbbjwsIGIOBpQD/vrxw5SHRnLkoz/wwK5opSYiYfJQ//gXlBbo1Q3eBA+PoIGFIEws/g8wskOyyeyRZFb+ugsbZU1LocKK6mGy65bogeM7SWd7CPenvnpd27z+X95HsZWq0GKZC49F0MLIB8DF/c9AeqOPZx4QB3t",
              "ssh-rsa AAAAB3NzaC1yc2EAAAADAQABAAABAQC0shTZgevrsrkkKOYkTNUlYMXFkFjNCMqHB5oF9R7dgWiasxblFnjlffL0IP9ITkkVGdjKeDmfNaZwrZs/ibr27ulsnfqy8M43xm4JZAcrl9OZEaA9yOC05s+bhpEXxOYIj0MOAYaScMMjugHjQkiiN5boK2BMk/ZdvW7QS22/ILJe+R/vsSVRA+bLMn/h/qg/zlq4NoSBQpkhxZszdAk8nXjH6JxvSKGWz9poqMUHobj1cWtW2qMAVOkGr9e1wmUKXpNTjwLfAhMrLfS6hYHsKHgll8i2QqiVPhmtR5e1KS6Ycsv7WSvAPSdnPg1xTpXtNn3oGF/wNy27JhtgDcln",
              "ssh-rsa AAAAB3NzaC1yc2EAAAADAQABAAABgQDBU0WZ5SJlioOL/T4lHezXRBHLsigZ8xdqOHgJ8sT8Zr5/QB9cZ2OH9LjozpHtaFIW7ai03UfvW/LV3Yz/ZStRAUECxEnWouI6BVcY/hvhuurfTXz+i33s6Fpa2UUxSo8jLria6eW3QYnqFreltjr8ufsXFKi22yim9H1m9dRD1U8KOQcqhQgFQjwgYp4rpvLzPnNZfJYmtSPAzl76RhA5UqK69A3B5Tj7KrML9dPY1ujqWbPa92LjdTDBuj31WgosgWzD1LNDXjwjLCFj9Hl7bLaJ+c42sMGT1TUviKJH8rKVhHBzzLwaEpfgfntt8pPjtlRrGIoVsT1C6DCJECflVooEQ+B4M1yYlMbq8A6aS8052f7NXy3bFkb5D2EZtK4kZ5SICtiukniBULyIwp9QPNO+7zR79K3/Rc+5dIlp2NVYhxID2k1F3ZhX+VCphugSmv1w8etcliuBgOhyBPdQPHDM4mOI+oJEdPu41cfBm8wnmhxliIxDtMATFXtnF00=",
              "ssh-rsa AAAAB3NzaC1yc2EAAAADAQABAAABgQC+Ev2qkY/H+7jv2cnfqzWYLTy5IpnyFukY/oW1uVOIIQpLOiHi5MMD1RGOYzx8mvw57JFOz2drlHjN3eXsUuf8arDqZXdPoID5LG8hfnndGFjjk+k/jzMUMj1Cne7sXsibTSsECv0CBG7D5R2ZGONZmAjw7fjH1rT7cPz33gIuSvSAADLyUST4o0ATnfSdqy1I41tLw0JslG9mZgpXXJXWw+YBeiGy+CwmmMlh1EEQB3tD20fr7evkotChX5PUe7M7LbkL0XH7dmDzKT4rdPWFbmCNmPmO5mA3PELrcVpDH8QZtxtdK6qAldaan1xp/Lpq67CisvoOfrm97oRPI79bueUcXdyP3CiAS/zsz68v0ZTzy3ojFWZGiGltzxUXigA7N3z8BM12EZKc+DMdDuCdLNTknNZ/rtxwNpE28+KFVWSFv9d4a4Tc6N+5AuCMsdsudSN7oEaLXt+krafEq8a2XLPfL8TB5VXdzBRqRzKekXCZP/etRSUZfM9g730kgzc=",
              "ssh-rsa AAAAB3NzaC1yc2EAAAADAQABAAABgQDQBdmiRnIiw4OUc3I1Jq/ypfWL1PstvtgwdBPWlcRehqHpDF5da3Bxfx80j60hyGBnX24ZLdUYZyMxWjJJa/oiBOB9rAhq1wDJ7AfVERsio17ily9zuXCGd7LaJnKxabgy567t5oetqJ8UyIcnjnlOWRaAboCGIv2dA/y9GHy5K0fJmGD2C5QXvz3p3/myCMcdaOsfhehSxEO4cbmYz4Z0TQs4bC7dtJwX+VtMoAohFXeOWMcykVYYs6akq7RlvvA/zuCL1vN2ZGRWJ7mcdIm1uJ7dkHfCAnmrJRxU/n+5s4MC1cAsRLDlr87L2OSWY15wOoN2CubucC92w6wG5t4FT5/ZLDgP5cOHDSrAkNxKRCdTu+qc5jLLbSEWNuR0q7hP1uyXF2MP6xXtf1Em3iWB9Ewh1h021s7psnXVwARkXHZDfQYg3A1tR84sKhjzsH+Ja6CknH/PIPfFwMPZOxLvbxTSO9pwAtOYNYJ6GtIpA6jAwD+ZkPXBjNBjT/AEhIM=",
              "ssh-ed25519 AAAAC3NzaC1lZDI1NTE5AAAAIBarCPMFZQwU5DmrQxxtkbSSeQIw8f0V904wvm9/25I0",
              "ssh-ed25519 AAAAC3NzaC1lZDI1NTE5AAAAIDGbjJwI+Oe3ksWSZxyhZu6kczhHETNIomVmjcsquKt7",
              "ssh-ed25519 AAAAC3NzaC1lZDI1NTE5AAAAIH3cdAk86DTZwhbV5ig+Ln9CdGjQCcPwYefmdfT0t/et",
              "ssh-rsa AAAAB3NzaC1yc2EAAAADAQABAAABgQDW1YCEVQHGX5vT1Fwara9pd9i1rzQ2DhFgbRx1Yt46TyfqkxNx6daUB/yStHkd5SmAHVTiuPve9UVMEh4ZMJvBSCQFIxHzIYHeDeRIGfuOxiZ430jB2B99oqKC957hUNPLqF0SjhCuO57fiJJ9kv4/rRIj01/0amJqgYDwixa8vGfbDNdnxJN5fyU/+JJxU9VSYeTY9uoZy4VHNSOz8zvbh7wGgNc/oUf0Z1HEEzLhaw03gD81vzUxOR/tBgrJn1o2txkjS03nokuGcSGGkJCB4XRj/DUuNxSGlEd28wjG5He0keItL2mpQi1dBUSNXx7GX4+cgaInqai5KI1WhGlsw+Y9KITxrOTNOphWsgFeF7Bc8zRBiMpYVwzygcnXY7p69+NGuypmLq1SdnU8K6Z+I+yG1DD4i1Rp4mm9zlTrKfkTGEJ0LwY2as3MGODQmhSinJKUkZq5KjUtE/a3mv51he4FkrK+XR+9/HrlvfMjx5jLTPCpWnJsbq+1UuutvnE=",
              "ssh-ed25519 AAAAC3NzaC1lZDI1NTE5AAAAINfBnMB0HGkaloyY1LAwzX3Af8TcuiAhUD8JaZqznseo"
            ],
            "suspended_at": "0001-01-01 00:00:00 +0000 UTC",
            "updated_at": "2026-08-17 03:44:48 +0000 UTC",
            "username": "tkoyama010"
          },
          "sensitive_attributes": [],
          "identity_schema_version": 0
        }
      ]
    },
    {
      "mode": "managed",
      "type": "github_branch_default",
      "name": "this",
      "provider": "provider[\"registry.terraform.io/integrations/github\"]",
      "instances": [
        {
          "schema_version": 0,
          "attributes": {
            "branch": "main",
            "etag": "W/\"a70393bc2512209bffa7280ce0214f2fba05b2a2e1ac7da06fdb1bc12eb46035\"",
            "id": "pyvista-wasm",
            "rename": null,
            "repository": "pyvista-wasm"
          },
          "sensitive_attributes": [],
          "identity_schema_version": 0,
          "private": "eyJzY2hlbWFfdmVyc2lvbiI6IjAifQ==",
          "dependencies": [
            "github_repository.this"
          ]
        }
      ]
    },
    {
      "mode": "managed",
      "type": "github_issue_label",
      "name": "this",
      "provider": "provider[\"registry.terraform.io/integrations/github\"]",
      "instances": [
        {
          "index_key": "autorelease: pending",
          "schema_version": 0,
          "attributes": {
            "color": "ededed",
            "description": "",
            "etag": "W/\"d92aaeec5bb0bc289017f774d0104f56e2b7d5e3c238846d65b6567cb58f4b01\"",
            "id": "pyvista-wasm:autorelease: pending",
            "name": "autorelease: pending",
            "repository": "pyvista-wasm",
            "url": "https://api.github.com/repos/tkoyama010/pyvista-wasm/labels/autorelease:%20pending"
          },
          "sensitive_attributes": [],
          "identity_schema_version": 0,
          "private": "eyJzY2hlbWFfdmVyc2lvbiI6IjAifQ==",
          "dependencies": [
            "github_repository.this"
          ]
        },
        {
          "index_key": "autorelease: tagged",
          "schema_version": 0,
          "attributes": {
            "color": "ededed",
            "description": "",
            "etag": "W/\"1efcd3b61106eb7cc05e4bddf2385bd7a05e08fac7ed4a3fdb981d1ff7d06fd0\"",
            "id": "pyvista-wasm:autorelease: tagged",
            "name": "autorelease: tagged",
            "repository": "pyvista-wasm",
            "url": "https://api.github.com/repos/tkoyama010/pyvista-wasm/labels/autorelease:%20tagged"
          },
          "sensitive_attributes": [],
          "identity_schema_version": 0,
          "private": "eyJzY2hlbWFfdmVyc2lvbiI6IjAifQ==",
          "dependencies": [
            "github_repository.this"
          ]
        },
        {
          "index_key": "bug",
          "schema_version": 0,
          "attributes": {
            "color": "d73a4a",
            "description": "Something isn't working",
            "etag": "W/\"464d1f8967058e143954fb0643312cd5ad05806c0fc914fe7e21853056263c39\"",
            "id": "pyvista-wasm:bug",
            "name": "bug",
            "repository": "pyvista-wasm",
            "url": "https://api.github.com/repos/tkoyama010/pyvista-wasm/labels/bug"
          },
          "sensitive_attributes": [],
          "identity_schema_version": 0,
          "private": "eyJzY2hlbWFfdmVyc2lvbiI6IjAifQ==",
          "dependencies": [
            "github_repository.this"
          ]
        },
        {
          "index_key": "dependencies",
          "schema_version": 0,
          "attributes": {
            "color": "0366d6",
            "description": "Pull requests that update a dependency file",
            "etag": "W/\"2865ae12c27c87a5cc65250a3285039a3ee274f4a0e30eafc9dad4583357fb39\"",
            "id": "pyvista-wasm:dependencies",
            "name": "dependencies",
            "repository": "pyvista-wasm",
            "url": "https://api.github.com/repos/tkoyama010/pyvista-wasm/labels/dependencies"
          },
          "sensitive_attributes": [],
          "identity_schema_version": 0,
          "private": "eyJzY2hlbWFfdmVyc2lvbiI6IjAifQ==",
          "dependencies": [
            "github_repository.this"
          ]
        },
        {
          "index_key": "documentation",
          "schema_version": 0,
          "attributes": {
            "color": "0075ca",
            "description": "Improvements or additions to documentation",
            "etag": "W/\"06cee93a95018c9d12d2c2cd2d91287e60d1e39e240196c41bed2e74c08bdff4\"",
            "id": "pyvista-wasm:documentation",
            "name": "documentation",
            "repository": "pyvista-wasm",
            "url": "https://api.github.com/repos/tkoyama010/pyvista-wasm/labels/documentation"
          },
          "sensitive_attributes": [],
          "identity_schema_version": 0,
          "private": "eyJzY2hlbWFfdmVyc2lvbiI6IjAifQ==",
          "dependencies": [
            "github_repository.this"
          ]
        },
        {
          "index_key": "duplicate",
          "schema_version": 0,
          "attributes": {
            "color": "cfd3d7",
            "description": "This issue or pull request already exists",
            "etag": "W/\"08187f896c35757358032c33001418ffbe0be783ce17c30010e80f46ef0426a9\"",
            "id": "pyvista-wasm:duplicate",
            "name": "duplicate",
            "repository": "pyvista-wasm",
            "url": "https://api.github.com/repos/tkoyama010/pyvista-wasm/labels/duplicate"
          },
          "sensitive_attributes": [],
          "identity_schema_version": 0,
          "private": "eyJzY2hlbWFfdmVyc2lvbiI6IjAifQ==",
          "dependencies": [
            "github_repository.this"
          ]
        },
        {
          "index_key": "enhancement",
          "schema_version": 0,
          "attributes": {
            "color": "a2eeef",
            "description": "New feature or request",
            "etag": "W/\"10e2dfa14f2b031c0e7f37e81737b030250fab99d63ecfdff738dce8048158b1\"",
            "id": "pyvista-wasm:enhancement",
            "name": "enhancement",
            "repository": "pyvista-wasm",
            "url": "https://api.github.com/repos/tkoyama010/pyvista-wasm/labels/enhancement"
          },
          "sensitive_attributes": [],
          "identity_schema_version": 0,
          "private": "eyJzY2hlbWFfdmVyc2lvbiI6IjAifQ==",
          "dependencies": [
            "github_repository.this"
          ]
        },
        {
          "index_key": "good first issue",
          "schema_version": 0,
          "attributes": {
            "color": "7057ff",
            "description": "Good for newcomers",
            "etag": "W/\"58b0a8e123e85a4c4c697bf9a393a79afe25ad58acf71cfe62c8bd3326b19135\"",
            "id": "pyvista-wasm:good first issue",
            "name": "good first issue",
            "repository": "pyvista-wasm",
            "url": "https://api.github.com/repos/tkoyama010/pyvista-wasm/labels/good%20first%20issue"
          },
          "sensitive_attributes": [],
          "identity_schema_version": 0,
          "private": "eyJzY2hlbWFfdmVyc2lvbiI6IjAifQ==",
          "dependencies": [
            "github_repository.this"
          ]
        },
        {
          "index_key": "help wanted",
          "schema_version": 0,
          "attributes": {
            "color": "008672",
            "description": "Extra attention is needed",
            "etag": "W/\"bbd0cb41bc5f7e4c2ddcc7a6c2814ec91e5ffc05e7af4f95086d3be760c523b1\"",
            "id": "pyvista-wasm:help wanted",
            "name": "help wanted",
            "repository": "pyvista-wasm",
            "url": "https://api.github.com/repos/tkoyama010/pyvista-wasm/labels/help%20wanted"
          },
          "sensitive_attributes": [],
          "identity_schema_version": 0,
          "private": "eyJzY2hlbWFfdmVyc2lvbiI6IjAifQ==",
          "dependencies": [
            "github_repository.this"
          ]
        },
        {
          "index_key": "invalid",
          "schema_version": 0,
          "attributes": {
            "color": "e4e669",
            "description": "This doesn't seem right",
            "etag": "W/\"c424eda8b8a805f6b4d721b333055c1f94f533d1556b3341cf49a8b5124c7015\"",
            "id": "pyvista-wasm:invalid",
            "name": "invalid",
            "repository": "pyvista-wasm",
            "url": "https://api.github.com/repos/tkoyama010/pyvista-wasm/labels/invalid"
          },
          "sensitive_attributes": [],
          "identity_schema_version": 0,
          "private": "eyJzY2hlbWFfdmVyc2lvbiI6IjAifQ==",
          "dependencies": [
            "github_repository.this"
          ]
        },
        {
          "index_key": "javascript",
          "schema_version": 0,
          "attributes": {
            "color": "168700",
            "description": "Pull requests that update javascript code",
            "etag": "W/\"1cdc1add0e45de29ec046615c63690ebe0bcf30912946a09c3ec65d541f84e6a\"",
            "id": "pyvista-wasm:javascript",
            "name": "javascript",
            "repository": "pyvista-wasm",
            "url": "https://api.github.com/repos/tkoyama010/pyvista-wasm/labels/javascript"
          },
          "sensitive_attributes": [],
          "identity_schema_version": 0,
          "private": "eyJzY2hlbWFfdmVyc2lvbiI6IjAifQ==",
          "dependencies": [
            "github_repository.this"
          ]
        },
        {
          "index_key": "nightly",
          "schema_version": 0,
          "attributes": {
            "color": "d93f0b",
            "description": "Nightly test failures",
            "etag": "W/\"c3182f91c43e2823125716a957dc7330b5f3e15ea39afc1246461efae6006c59\"",
            "id": "pyvista-wasm:nightly",
            "name": "nightly",
            "repository": "pyvista-wasm",
            "url": "https://api.github.com/repos/tkoyama010/pyvista-wasm/labels/nightly"
          },
          "sensitive_attributes": [],
          "identity_schema_version": 0,
          "private": "eyJzY2hlbWFfdmVyc2lvbiI6IjAifQ==",
          "dependencies": [
            "github_repository.this"
          ]
        },
        {
          "index_key": "python:uv",
          "schema_version": 0,
          "attributes": {
            "color": "2b67c6",
            "description": "Pull requests that update python:uv code",
            "etag": "W/\"ec4e0d7a73ecbd02c1422ce8f416007ef4e7dd7a5ee321336e72b63c2b1f087b\"",
            "id": "pyvista-wasm:python:uv",
            "name": "python:uv",
            "repository": "pyvista-wasm",
            "url": "https://api.github.com/repos/tkoyama010/pyvista-wasm/labels/python:uv"
          },
          "sensitive_attributes": [],
          "identity_schema_version": 0,
          "private": "eyJzY2hlbWFfdmVyc2lvbiI6IjAifQ==",
          "dependencies": [
            "github_repository.this"
          ]
        },
        {
          "index_key": "question",
          "schema_version": 0,
          "attributes": {
            "color": "d876e3",
            "description": "Further information is requested",
            "etag": "W/\"914180e60a43a34164aa37d7a891f8661bb08036c32514a1c10ccf55665799a6\"",
            "id": "pyvista-wasm:question",
            "name": "question",
            "repository": "pyvista-wasm",
            "url": "https://api.github.com/repos/tkoyama010/pyvista-wasm/labels/question"
          },
          "sensitive_attributes": [],
          "identity_schema_version": 0,
          "private": "eyJzY2hlbWFfdmVyc2lvbiI6IjAifQ==",
          "dependencies": [
            "github_repository.this"
          ]
        },
        {
          "index_key": "user story",
          "schema_version": 0,
          "attributes": {
            "color": "0e8a16",
            "description": "User story for the Scrum board",
            "etag": "W/\"1fff28d200a0f10d2c052428ff26525112361884c9e3006a7da7d5baf38aa8b3\"",
            "id": "pyvista-wasm:user story",
            "name": "user story",
            "repository": "pyvista-wasm",
            "url": "https://api.github.com/repos/tkoyama010/pyvista-wasm/labels/user%20story"
          },
          "sensitive_attributes": [],
          "identity_schema_version": 0,
          "private": "eyJzY2hlbWFfdmVyc2lvbiI6IjAifQ==",
          "dependencies": [
            "github_repository.this"
          ]
        },
        {
          "index_key": "wontfix",
          "schema_version": 0,
          "attributes": {
            "color": "ffffff",
            "description": "This will not be worked on",
            "etag": "W/\"d31289c02984ebe513c2ccb66dd82e034deeb934782b599aed2f5629e9c82543\"",
            "id": "pyvista-wasm:wontfix",
            "name": "wontfix",
            "repository": "pyvista-wasm",
            "url": "https://api.github.com/repos/tkoyama010/pyvista-wasm/labels/wontfix"
          },
          "sensitive_attributes": [],
          "identity_schema_version": 0,
          "private": "eyJzY2hlbWFfdmVyc2lvbiI6IjAifQ==",
          "dependencies": [
            "github_repository.this"
          ]
        }
      ]
    },
    {
      "mode": "managed",
      "type": "github_repository",
      "name": "this",
      "provider": "provider[\"registry.terraform.io/integrations/github\"]",
      "instances": [
        {
          "schema_version": 1,
          "attributes": {
            "allow_auto_merge": true,
            "allow_merge_commit": false,
            "allow_rebase_merge": false,
            "allow_squash_merge": true,
            "allow_update_branch": true,
            "archive_on_destroy": null,
            "archived": false,
            "auto_init": false,
            "default_branch": "main",
            "delete_branch_on_merge": true,
            "description": "PyVista-like API for VTK.wasm — bring intuitive 3D visualization to the browser using WebAssembly.",
            "etag": "W/\"a70393bc2512209bffa7280ce0214f2fba05b2a2e1ac7da06fdb1bc12eb46035\"",
            "full_name": "tkoyama010/pyvista-wasm",
            "git_clone_url": "git://github.com/tkoyama010/pyvista-wasm.git",
            "gitignore_template": null,
            "has_discussions": true,
            "has_downloads": false,
            "has_issues": true,
            "has_projects": true,
            "has_wiki": true,
            "homepage_url": "https://pyvista-wasm.readthedocs.io/en/latest/",
            "html_url": "https://github.com/tkoyama010/pyvista-wasm",
            "http_clone_url": "https://github.com/tkoyama010/pyvista-wasm.git",
            "id": "pyvista-wasm",
            "ignore_vulnerability_alerts_during_read": true,
            "is_template": false,
            "license_template": null,
            "merge_commit_message": "PR_TITLE",
            "merge_commit_title": "MERGE_MESSAGE",
            "name": "pyvista-wasm",
            "node_id": "R_kgDORv7nsQ",
            "pages": [
              {
                "build_type": "legacy",
                "cname": "",
                "custom_404": false,
                "html_url": "https://tkoyama010.github.io/pyvista-wasm/",
                "source": [
                  {
                    "branch": "gh-pages",
                    "path": "/"
                  }
                ],
                "status": "built",
                "url": "https://api.github.com/repos/tkoyama010/pyvista-wasm/pages"
              }
            ],
            "primary_language": "Python",
            "private": false,
            "repo_id": 1191110577,
            "security_and_analysis": [
              {
                "advanced_security": [],
                "secret_scanning": [
                  {
                    "status": "enabled"
                  }
                ],
                "secret_scanning_push_protection": [
                  {
                    "status": "enabled"
                  }
                ]
              }
            ],
            "squash_merge_commit_message": "BLANK",
            "squash_merge_commit_title": "PR_TITLE",
            "ssh_clone_url": "git@github.com:tkoyama010/pyvista-wasm.git",
            "svn_url": "https://github.com/tkoyama010/pyvista-wasm",
            "template": [],
            "topics": [],
            "visibility": "public",
            "vulnerability_alerts": true,
            "web_commit_signoff_required": false
          },
          "sensitive_attributes": [],
          "identity_schema_version": 0,
          "private": "eyJzY2hlbWFfdmVyc2lvbiI6IjEifQ=="
        }
      ]
    },
    {
      "mode": "managed",
      "type": "github_repository_environment",
      "name": "terraform_apply",
      "provider": "provider[\"registry.terraform.io/integrations/github\"]",
      "instances": [
        {
          "schema_version": 0,
          "attributes": {
            "can_admins_bypass": true,
            "deployment_branch_policy": [
              {
                "custom_branch_policies": true,
                "protected_branches": false
              }
            ],
            "environment": "terraform-apply",
            "id": "pyvista-wasm:terraform-apply",
            "prevent_self_review": false,
            "repository": "pyvista-wasm",
            "reviewers": [
              {
                "teams": [],
                "users": [
                  7513610
                ]
              }
            ],
            "wait_timer": 60
          },
          "sensitive_attributes": [],
          "identity_schema_version": 0,
          "private": "eyJzY2hlbWFfdmVyc2lvbiI6IjAifQ==",
          "dependencies": [
            "data.github_user.maintainer",
            "github_repository.this"
          ]
        }
      ]
    }
  ],
  "check_results": null
}
