name: Update uv.lock

on:
  pull_request:
    branches:
      - main
    paths:
      - pyproject.toml

permissions: {}

jobs:
  uv-lock:
    if: startsWith(github.head_ref, 'release-please--')
    runs-on: ubuntu-latest
    permissions:
      contents: write
    steps:
      - uses: actions/checkout@de0fac2e4500dabe0009e67214ff5f5447ce83dd  # v6
        with:
          ref: ${{ github.head_ref }}
          token: ${{ secrets.RELEASE_PLEASE_TOKEN }}

      - name: Install uv
        uses: astral-sh/setup-uv@37802adc94f370d6bfd71619e3f0bf239e1f3b78  # v7

      - name: Update uv.lock
        run: uv lock

      - name: Commit uv.lock
        run: |
          git config user.name "pyvista-bot"
          git config user.email "pyvista-bot@users.noreply.github.com"
          git add uv.lock
          git diff --cached --quiet || git commit -m "chore: update uv.lock"
          git push
